// !$*UTF8*$!
{
	archiveVersion = 1;
	classes = {
	};
	objectVersion = 50;
	objects = {

/* Begin PBXBuildFile section */
		9EB1E8E324E517B700B95E2A /* AppDelegate.swift in Sources */ = {isa = PBXBuildFile; fileRef = 9EB1E8E224E517B700B95E2A /* AppDelegate.swift */; };
		9EB1E8E524E517B700B95E2A /* SceneDelegate.swift in Sources */ = {isa = PBXBuildFile; fileRef = 9EB1E8E424E517B700B95E2A /* SceneDelegate.swift */; };
		9EB1E8E724E517B700B95E2A /* ViewController.swift in Sources */ = {isa = PBXBuildFile; fileRef = 9EB1E8E624E517B700B95E2A /* ViewController.swift */; };
		9EB1E8EA24E517B700B95E2A /* Main.storyboard in Resources */ = {isa = PBXBuildFile; fileRef = 9EB1E8E824E517B700B95E2A /* Main.storyboard */; };
		9EB1E8EC24E517BB00B95E2A /* Assets.xcassets in Resources */ = {isa = PBXBuildFile; fileRef = 9EB1E8EB24E517BB00B95E2A /* Assets.xcassets */; };
		9EB1E8EF24E517BB00B95E2A /* LaunchScreen.storyboard in Resources */ = {isa = PBXBuildFile; fileRef = 9EB1E8ED24E517BB00B95E2A /* LaunchScreen.storyboard */; };
		9EB1E8FA24E517BC00B95E2A /* TipTests.swift in Sources */ = {isa = PBXBuildFile; fileRef = 9EB1E8F924E517BC00B95E2A /* TipTests.swift */; };
		9EB1E90524E517BC00B95E2A /* TipUITests.swift in Sources */ = {isa = PBXBuildFile; fileRef = 9EB1E90424E517BC00B95E2A /* TipUITests.swift */; };
/* End PBXBuildFile section */

/* Begin PBXContainerItemProxy section */
		9EB1E8F624E517BC00B95E2A /* PBXContainerItemProxy */ = {
			isa = PBXContainerItemProxy;
			containerPortal = 9EB1E8D724E517B600B95E2A /* Project object */;
			proxyType = 1;
			remoteGlobalIDString = 9EB1E8DE24E517B700B95E2A;
			remoteInfo = Tip;
		};
		9EB1E90124E517BC00B95E2A /* PBXContainerItemProxy */ = {
			isa = PBXContainerItemProxy;
			containerPortal = 9EB1E8D724E517B600B95E2A /* Project object */;
			proxyType = 1;
			remoteGlobalIDString = 9EB1E8DE24E517B700B95E2A;
			remoteInfo = Tip;
		};
/* End PBXContainerItemProxy section */

/* Begin PBXFileReference section */
		9EB1E8DF24E517B700B95E2A /* Tip.app */ = {isa = PBXFileReference; explicitFileType = wrapper.application; includeInIndex = 0; path = Tip.app; sourceTree = BUILT_PRODUCTS_DIR; };
		9EB1E8E224E517B700B95E2A /* AppDelegate.swift */ = {isa = PBXFileReference; lastKnownFileType = sourcecode.swift; path = AppDelegate.swift; sourceTree = "<group>"; };
		9EB1E8E424E517B700B95E2A /* SceneDelegate.swift */ = {isa = PBXFileReference; lastKnownFileType = sourcecode.swift; path = SceneDelegate.swift; sourceTree = "<group>"; };
		9EB1E8E624E517B700B95E2A /* ViewController.swift */ = {isa = PBXFileReference; lastKnownFileType = sourcecode.swift; path = ViewController.swift; sourceTree = "<group>"; };
		9EB1E8E924E517B700B95E2A /* Base */ = {isa = PBXFileReference; lastKnownFileType = file.storyboard; name = Base; path = Base.lproj/Main.storyboard; sourceTree = "<group>"; };
		9EB1E8EB24E517BB00B95E2A /* Assets.xcassets */ = {isa = PBXFileReference; lastKnownFileType = folder.assetcatalog; path = Assets.xcassets; sourceTree = "<group>"; };
		9EB1E8EE24E517BB00B95E2A /* Base */ = {isa = PBXFileReference; lastKnownFileType = file.storyboard; name = Base; path = Base.lproj/LaunchScreen.storyboard; sourceTree = "<group>"; };
		9EB1E8F024E517BB00B95E2A /* Info.plist */ = {isa = PBXFileReference; lastKnownFileType = text.plist.xml; path = Info.plist; sourceTree = "<group>"; };
		9EB1E8F524E517BC00B95E2A /* TipTests.xctest */ = {isa = PBXFileReference; explicitFileType = wrapper.cfbundle; includeInIndex = 0; path = TipTests.xctest; sourceTree = BUILT_PRODUCTS_DIR; };
		9EB1E8F924E517BC00B95E2A /* TipTests.swift */ = {isa = PBXFileReference; lastKnownFileType = sourcecode.swift; path = TipTests.swift; sourceTree = "<group>"; };
		9EB1E8FB24E517BC00B95E2A /* Info.plist */ = {isa = PBXFileReference; lastKnownFileType = text.plist.xml; path = Info.plist; sourceTree = "<group>"; };
		9EB1E90024E517BC00B95E2A /* TipUITests.xctest */ = {isa = PBXFileReference; explicitFileType = wrapper.cfbundle; includeInIndex = 0; path = TipUITests.xctest; sourceTree = BUILT_PRODUCTS_DIR; };
		9EB1E90424E517BC00B95E2A /* TipUITests.swift */ = {isa = PBXFileReference; lastKnownFileType = sourcecode.swift; path = TipUITests.swift; sourceTree = "<group>"; };
		9EB1E90624E517BC00B95E2A /* Info.plist */ = {isa = PBXFileReference; lastKnownFileType = text.plist.xml; path = Info.plist; sourceTree = "<group>"; };
/* End PBXFileReference section */

/* Begin PBXFrameworksBuildPhase section */
		9EB1E8DC24E517B700B95E2A /* Frameworks */ = {
			isa = PBXFrameworksBuildPhase;
			buildActionMask = 2147483647;
			files = (
			);
			runOnlyForDeploymentPostprocessing = 0;
		};
		9EB1E8F224E517BC00B95E2A /* Frameworks */ = {
			isa = PBXFrameworksBuildPhase;
			buildActionMask = 2147483647;
			files = (
			);
			runOnlyForDeploymentPostprocessing = 0;
		};
		9EB1E8FD24E517BC00B95E2A /* Frameworks */ = {
			isa = PBXFrameworksBuildPhase;
			buildActionMask = 2147483647;
			files = (
			);
			runOnlyForDeploymentPostprocessing = 0;
		};
/* End PBXFrameworksBuildPhase section */

/* Begin PBXGroup section */
		9EB1E8D624E517B600B95E2A = {
			isa = PBXGroup;
			children = (
				9EB1E8E124E517B700B95E2A /* Tip */,
				9EB1E8F824E517BC00B95E2A /* TipTests */,
				9EB1E90324E517BC00B95E2A /* TipUITests */,
				9EB1E8E024E517B700B95E2A /* Products */,
			);
			sourceTree = "<group>";
		};
		9EB1E8E024E517B700B95E2A /* Products */ = {
			isa = PBXGroup;
			children = (
				9EB1E8DF24E517B700B95E2A /* Tip.app */,
				9EB1E8F524E517BC00B95E2A /* TipTests.xctest */,
				9EB1E90024E517BC00B95E2A /* TipUITests.xctest */,
			);
			name = Products;
			sourceTree = "<group>";
		};
		9EB1E8E124E517B700B95E2A /* Tip */ = {
			isa = PBXGroup;
			children = (
				9EB1E8E224E517B700B95E2A /* AppDelegate.swift */,
				9EB1E8E424E517B700B95E2A /* SceneDelegate.swift */,
				9EB1E8E624E517B700B95E2A /* ViewController.swift */,
				9EB1E8E824E517B700B95E2A /* Main.storyboard */,
				9EB1E8EB24E517BB00B95E2A /* Assets.xcassets */,
				9EB1E8ED24E517BB00B95E2A /* LaunchScreen.storyboard */,
				9EB1E8F024E517BB00B95E2A /* Info.plist */,
			);
			path = Tip;
			sourceTree = "<group>";
		};
		9EB1E8F824E517BC00B95E2A /* TipTests */ = {
			isa = PBXGroup;
			children = (
				9EB1E8F924E517BC00B95E2A /* TipTests.swift */,
				9EB1E8FB24E517BC00B95E2A /* Info.plist */,
			);
			path = TipTests;
			sourceTree = "<group>";
		};
		9EB1E90324E517BC00B95E2A /* TipUITests */ = {
			isa = PBXGroup;
			children = (
				9EB1E90424E517BC00B95E2A /* TipUITests.swift */,
				9EB1E90624E517BC00B95E2A /* Info.plist */,
			);
			path = TipUITests;
			sourceTree = "<group>";
		};
/* End PBXGroup section */

/* Begin PBXNativeTarget section */
		9EB1E8DE24E517B700B95E2A /* Tip */ = {
			isa = PBXNativeTarget;
			buildConfigurationList = 9EB1E90924E517BC00B95E2A /* Build configuration list for PBXNativeTarget "Tip" */;
			buildPhases = (
				9EB1E8DB24E517B700B95E2A /* Sources */,
				9EB1E8DC24E517B700B95E2A /* Frameworks */,
				9EB1E8DD24E517B700B95E2A /* Resources */,
			);
			buildRules = (
			);
			dependencies = (
			);
			name = Tip;
			productName = Tip;
			productReference = 9EB1E8DF24E517B700B95E2A /* Tip.app */;
			productType = "com.apple.product-type.application";
		};
		9EB1E8F424E517BC00B95E2A /* TipTests */ = {
			isa = PBXNativeTarget;
			buildConfigurationList = 9EB1E90C24E517BC00B95E2A /* Build configuration list for PBXNativeTarget "TipTests" */;
			buildPhases = (
				9EB1E8F124E517BC00B95E2A /* Sources */,
				9EB1E8F224E517BC00B95E2A /* Frameworks */,
				9EB1E8F324E517BC00B95E2A /* Resources */,
			);
			buildRules = (
			);
			dependencies = (
				9EB1E8F724E517BC00B95E2A /* PBXTargetDependency */,
			);
			name = TipTests;
			productName = TipTests;
			productReference = 9EB1E8F524E517BC00B95E2A /* TipTests.xctest */;
			productType = "com.apple.product-type.bundle.unit-test";
		};
		9EB1E8FF24E517BC00B95E2A /* TipUITests */ = {
			isa = PBXNativeTarget;
			buildConfigurationList = 9EB1E90F24E517BC00B95E2A /* Build configuration list for PBXNativeTarget "TipUITests" */;
			buildPhases = (
				9EB1E8FC24E517BC00B95E2A /* Sources */,
				9EB1E8FD24E517BC00B95E2A /* Frameworks */,
				9EB1E8FE24E517BC00B95E2A /* Resources */,
			);
			buildRules = (
			);
			dependencies = (
				9EB1E90224E517BC00B95E2A /* PBXTargetDependency */,
			);
			name = TipUITests;
			productName = TipUITests;
			productReference = 9EB1E90024E517BC00B95E2A /* TipUITests.xctest */;
			productType = "com.apple.product-type.bundle.ui-testing";
		};
/* End PBXNativeTarget section */

/* Begin PBXProject section */
		9EB1E8D724E517B600B95E2A /* Project object */ = {
			isa = PBXProject;
			attributes = {
				LastSwiftUpdateCheck = 1160;
				LastUpgradeCheck = 1160;
				ORGANIZATIONNAME = "Prachal Patel";
				TargetAttributes = {
					9EB1E8DE24E517B700B95E2A = {
						CreatedOnToolsVersion = 11.6;
					};
					9EB1E8F424E517BC00B95E2A = {
						CreatedOnToolsVersion = 11.6;
						TestTargetID = 9EB1E8DE24E517B700B95E2A;
					};
					9EB1E8FF24E517BC00B95E2A = {
						CreatedOnToolsVersion = 11.6;
						TestTargetID = 9EB1E8DE24E517B700B95E2A;
					};
				};
			};
			buildConfigurationList = 9EB1E8DA24E517B600B95E2A /* Build configuration list for PBXProject "Tip" */;
			compatibilityVersion = "Xcode 9.3";
			developmentRegion = en;
			hasScannedForEncodings = 0;
			knownRegions = (
				en,
				Base,
			);
			mainGroup = 9EB1E8D624E517B600B95E2A;
			productRefGroup = 9EB1E8E024E517B700B95E2A /* Products */;
			projectDirPath = "";
			projectRoot = "";
			targets = (
				9EB1E8DE24E517B700B95E2A /* Tip */,
				9EB1E8F424E517BC00B95E2A /* TipTests */,
				9EB1E8FF24E517BC00B95E2A /* TipUITests */,
			);
		};
/* End PBXProject section */

/* Begin PBXResourcesBuildPhase section */
		9EB1E8DD24E517B700B95E2A /* Resources */ = {
			isa = PBXResourcesBuildPhase;
			buildActionMask = 2147483647;
			files = (
				9EB1E8EF24E517BB00B95E2A /* LaunchScreen.storyboard in Resources */,
				9EB1E8EC24E517BB00B95E2A /* Assets.xcassets in Resources */,
				9EB1E8EA24E517B700B95E2A /* Main.storyboard in Resources */,
			);
			runOnlyForDeploymentPostprocessing = 0;
		};
		9EB1E8F324E517BC00B95E2A /* Resources */ = {
			isa = PBXResourcesBuildPhase;
			buildActionMask = 2147483647;
			files = (
			);
			runOnlyForDeploymentPostprocessing = 0;
		};
		9EB1E8FE24E517BC00B95E2A /* Resources */ = {
			isa = PBXResourcesBuildPhase;
			buildActionMask = 2147483647;
			files = (
			);
			runOnlyForDeploymentPostprocessing = 0;
		};
/* End PBXResourcesBuildPhase section */

/* Begin PBXSourcesBuildPhase section */
		9EB1E8DB24E517B700B95E2A /* Sources */ = {
			isa = PBXSourcesBuildPhase;
			buildActionMask = 2147483647;
			files = (
				9EB1E8E724E517B700B95E2A /* ViewController.swift in Sources */,
				9EB1E8E324E517B700B95E2A /* AppDelegate.swift in Sources */,
				9EB1E8E524E517B700B95E2A /* SceneDelegate.swift in Sources */,
			);
			runOnlyForDeploymentPostprocessing = 0;
		};
		9EB1E8F124E517BC00B95E2A /* Sources */ = {
			isa = PBXSourcesBuildPhase;
			buildActionMask = 2147483647;
			files = (
				9EB1E8FA24E517BC00B95E2A /* TipTests.swift in Sources */,
			);
			runOnlyForDeploymentPostprocessing = 0;
		};
		9EB1E8FC24E517BC00B95E2A /* Sources */ = {
			isa = PBXSourcesBuildPhase;
			buildActionMask = 2147483647;
			files = (
				9EB1E90524E517BC00B95E2A /* TipUITests.swift in Sources */,
			);
			runOnlyForDeploymentPostprocessing = 0;
		};
/* End PBXSourcesBuildPhase section */

/* Begin PBXTargetDependency section */
		9EB1E8F724E517BC00B95E2A /* PBXTargetDependency */ = {
			isa = PBXTargetDependency;
			target = 9EB1E8DE24E517B700B95E2A /* Tip */;
			targetProxy = 9EB1E8F624E517BC00B95E2A /* PBXContainerItemProxy */;
		};
		9EB1E90224E517BC00B95E2A /* PBXTargetDependency */ = {
			isa = PBXTargetDependency;
			target = 9EB1E8DE24E517B700B95E2A /* Tip */;
			targetProxy = 9EB1E90124E517BC00B95E2A /* PBXContainerItemProxy */;
		};
/* End PBXTargetDependency section */

/* Begin PBXVariantGroup section */
		9EB1E8E824E517B700B95E2A /* Main.storyboard */ = {
			isa = PBXVariantGroup;
			children = (
				9EB1E8E924E517B700B95E2A /* Base */,
			);
			name = Main.storyboard;
			sourceTree = "<group>";
		};
		9EB1E8ED24E517BB00B95E2A /* LaunchScreen.storyboard */ = {
			isa = PBXVariantGroup;
			children = (
				9EB1E8EE24E517BB00B95E2A /* Base */,
			);
			name = LaunchScreen.storyboard;
			sourceTree = "<group>";
		};
/* End PBXVariantGroup section */

/* Begin XCBuildConfiguration section */
		9EB1E90724E517BC00B95E2A /* Debug */ = {
			isa = XCBuildConfiguration;
			buildSettings = {
				ALWAYS_SEARCH_USER_PATHS = NO;
				CLANG_ANALYZER_NONNULL = YES;
				CLANG_ANALYZER_NUMBER_OBJECT_CONVERSION = YES_AGGRESSIVE;
				CLANG_CXX_LANGUAGE_STANDARD = "gnu++14";
				CLANG_CXX_LIBRARY = "libc++";
				CLANG_ENABLE_MODULES = YES;
				CLANG_ENABLE_OBJC_ARC = YES;
				CLANG_ENABLE_OBJC_WEAK = YES;
				CLANG_WARN_BLOCK_CAPTURE_AUTORELEASING = YES;
				CLANG_WARN_BOOL_CONVERSION = YES;
				CLANG_WARN_COMMA = YES;
				CLANG_WARN_CONSTANT_CONVERSION = YES;
				CLANG_WARN_DEPRECATED_OBJC_IMPLEMENTATIONS = YES;
				CLANG_WARN_DIRECT_OBJC_ISA_USAGE = YES_ERROR;
				CLANG_WARN_DOCUMENTATION_COMMENTS = YES;
				CLANG_WARN_EMPTY_BODY = YES;
				CLANG_WARN_ENUM_CONVERSION = YES;
				CLANG_WARN_INFINITE_RECURSION = YES;
				CLANG_WARN_INT_CONVERSION = YES;
				CLANG_WARN_NON_LITERAL_NULL_CONVERSION = YES;
				CLANG_WARN_OBJC_IMPLICIT_RETAIN_SELF = YES;
				CLANG_WARN_OBJC_LITERAL_CONVERSION = YES;
				CLANG_WARN_OBJC_ROOT_CLASS = YES_ERROR;
				CLANG_WARN_RANGE_LOOP_ANALYSIS = YES;
				CLANG_WARN_STRICT_PROTOTYPES = YES;
				CLANG_WARN_SUSPICIOUS_MOVE = YES;
				CLANG_WARN_UNGUARDED_AVAILABILITY = YES_AGGRESSIVE;
				CLANG_WARN_UNREACHABLE_CODE = YES;
				CLANG_WARN__DUPLICATE_METHOD_MATCH = YES;
				COPY_PHASE_STRIP = NO;
				DEBUG_INFORMATION_FORMAT = dwarf;
				ENABLE_STRICT_OBJC_MSGSEND = YES;
				ENABLE_TESTABILITY = YES;
				GCC_C_LANGUAGE_STANDARD = gnu11;
				GCC_DYNAMIC_NO_PIC = NO;
				GCC_NO_COMMON_BLOCKS = YES;
				GCC_OPTIMIZATION_LEVEL = 0;
				GCC_PREPROCESSOR_DEFINITIONS = (
					"DEBUG=1",
					"$(inherited)",
				);
				GCC_WARN_64_TO_32_BIT_CONVERSION = YES;
				GCC_WARN_ABOUT_RETURN_TYPE = YES_ERROR;
				GCC_WARN_UNDECLARED_SELECTOR = YES;
				GCC_WARN_UNINITIALIZED_AUTOS = YES_AGGRESSIVE;
				GCC_WARN_UNUSED_FUNCTION = YES;
				GCC_WARN_UNUSED_VARIABLE = YES;
				IPHONEOS_DEPLOYMENT_TARGET = 13.6;
				MTL_ENABLE_DEBUG_INFO = INCLUDE_SOURCE;
				MTL_FAST_MATH = YES;
				ONLY_ACTIVE_ARCH = YES;
				SDKROOT = iphoneos;
				SWIFT_ACTIVE_COMPILATION_CONDITIONS = DEBUG;
				SWIFT_OPTIMIZATION_LEVEL = "-Onone";
			};
			name = Debug;
		};
		9EB1E90824E517BC00B95E2A /* Release */ = {
			isa = XCBuildConfiguration;
			buildSettings = {
				ALWAYS_SEARCH_USER_PATHS = NO;
				CLANG_ANALYZER_NONNULL = YES;
				CLANG_ANALYZER_NUMBER_OBJECT_CONVERSION = YES_AGGRESSIVE;
				CLANG_CXX_LANGUAGE_STANDARD = "gnu++14";
				CLANG_CXX_LIBRARY = "libc++";
				CLANG_ENABLE_MODULES = YES;
				CLANG_ENABLE_OBJC_ARC = YES;
				CLANG_ENABLE_OBJC_WEAK = YES;
				CLANG_WARN_BLOCK_CAPTURE_AUTORELEASING = YES;
				CLANG_WARN_BOOL_CONVERSION = YES;
				CLANG_WARN_COMMA = YES;
				CLANG_WARN_CONSTANT_CONVERSION = YES;
				CLANG_WARN_DEPRECATED_OBJC_IMPLEMENTATIONS = YES;
				CLANG_WARN_DIRECT_OBJC_ISA_USAGE = YES_ERROR;
				CLANG_WARN_DOCUMENTATION_COMMENTS = YES;
				CLANG_WARN_EMPTY_BODY = YES;
				CLANG_WARN_ENUM_CONVERSION = YES;
				CLANG_WARN_INFINITE_RECURSION = YES;
				CLANG_WARN_INT_CONVERSION = YES;
				CLANG_WARN_NON_LITERAL_NULL_CONVERSION = YES;
				CLANG_WARN_OBJC_IMPLICIT_RETAIN_SELF = YES;
				CLANG_WARN_OBJC_LITERAL_CONVERSION = YES;
				CLANG_WARN_OBJC_ROOT_CLASS = YES_ERROR;
				CLANG_WARN_RANGE_LOOP_ANALYSIS = YES;
				CLANG_WARN_STRICT_PROTOTYPES = YES;
				CLANG_WARN_SUSPICIOUS_MOVE = YES;
				CLANG_WARN_UNGUARDED_AVAILABILITY = YES_AGGRESSIVE;
				CLANG_WARN_UNREACHABLE_CODE = YES;
				CLANG_WARN__DUPLICATE_METHOD_MATCH = YES;
				COPY_PHASE_STRIP = NO;
				DEBUG_INFORMATION_FORMAT = "dwarf-with-dsym";
				ENABLE_NS_ASSERTIONS = NO;
				ENABLE_STRICT_OBJC_MSGSEND = YES;
				GCC_C_LANGUAGE_STANDARD = gnu11;
				GCC_NO_COMMON_BLOCKS = YES;
				GCC_WARN_64_TO_32_BIT_CONVERSION = YES;
				GCC_WARN_ABOUT_RETURN_TYPE = YES_ERROR;
				GCC_WARN_UNDECLARED_SELECTOR = YES;
				GCC_WARN_UNINITIALIZED_AUTOS = YES_AGGRESSIVE;
				GCC_WARN_UNUSED_FUNCTION = YES;
				GCC_WARN_UNUSED_VARIABLE = YES;
				IPHONEOS_DEPLOYMENT_TARGET = 13.6;
				MTL_ENABLE_DEBUG_INFO = NO;
				MTL_FAST_MATH = YES;
				SDKROOT = iphoneos;
				SWIFT_COMPILATION_MODE = wholemodule;
				SWIFT_OPTIMIZATION_LEVEL = "-O";
				VALIDATE_PRODUCT = YES;
			};
			name = Release;
		};
		9EB1E90A24E517BC00B95E2A /* Debug */ = {
			isa = XCBuildConfiguration;
			buildSettings = {
				ASSETCATALOG_COMPILER_APPICON_NAME = AppIcon;
				CODE_SIGN_STYLE = Automatic;
				INFOPLIST_FILE = Tip/Info.plist;
				LD_RUNPATH_SEARCH_PATHS = (
					"$(inherited)",
					"@executable_path/Frameworks",
				);
				PRODUCT_BUNDLE_IDENTIFIER = Prachal.Tip;
				PRODUCT_NAME = "$(TARGET_NAME)";
				SWIFT_VERSION = 5.0;
				TARGETED_DEVICE_FAMILY = "1,2";
			};
			name = Debug;
		};
		9EB1E90B24E517BC00B95E2A /* Release */ = {
			isa = XCBuildConfiguration;
			buildSettings = {
				ASSETCATALOG_COMPILER_APPICON_NAME = AppIcon;
				CODE_SIGN_STYLE = Automatic;
				INFOPLIST_FILE = Tip/Info.plist;
				LD_RUNPATH_SEARCH_PATHS = (
					"$(inherited)",
					"@executable_path/Frameworks",
				);
				PRODUCT_BUNDLE_IDENTIFIER = Prachal.Tip;
				PRODUCT_NAME = "$(TARGET_NAME)";
				SWIFT_VERSION = 5.0;
				TARGETED_DEVICE_FAMILY = "1,2";
			};
			name = Release;
		};
		9EB1E90D24E517BC00B95E2A /* Debug */ = {
			isa = XCBuildConfiguration;
			buildSettings = {
				ALWAYS_EMBED_SWIFT_STANDARD_LIBRARIES = YES;
				BUNDLE_LOADER = "$(TEST_HOST)";
				CODE_SIGN_STYLE = Automatic;
				INFOPLIST_FILE = TipTests/Info.plist;
				IPHONEOS_DEPLOYMENT_TARGET = 13.6;
				LD_RUNPATH_SEARCH_PATHS = (
					"$(inherited)",
					"@executable_path/Frameworks",
					"@loader_path/Frameworks",
				);
				PRODUCT_BUNDLE_IDENTIFIER = Prachal.TipTests;
				PRODUCT_NAME = "$(TARGET_NAME)";
				SWIFT_VERSION = 5.0;
				TARGETED_DEVICE_FAMILY = "1,2";
				TEST_HOST = "$(BUILT_PRODUCTS_DIR)/Tip.app/Tip";
			};
			name = Debug;
		};
		9EB1E90E24E517BC00B95E2A /* Release */ = {
			isa = XCBuildConfiguration;
			buildSettings = {
				ALWAYS_EMBED_SWIFT_STANDARD_LIBRARIES = YES;
				BUNDLE_LOADER = "$(TEST_HOST)";
				CODE_SIGN_STYLE = Automatic;
				INFOPLIST_FILE = TipTests/Info.plist;
				IPHONEOS_DEPLOYMENT_TARGET = 13.6;
				LD_RUNPATH_SEARCH_PATHS = (
					"$(inherited)",
					"@executable_path/Frameworks",
					"@loader_path/Frameworks",
				);
				PRODUCT_BUNDLE_IDENTIFIER = Prachal.TipTests;
				PRODUCT_NAME = "$(TARGET_NAME)";
				SWIFT_VERSION = 5.0;
				TARGETED_DEVICE_FAMILY = "1,2";
				TEST_HOST = "$(BUILT_PRODUCTS_DIR)/Tip.app/Tip";
			};
			name = Release;
		};
		9EB1E91024E517BC00B95E2A /* Debug */ = {
			isa = XCBuildConfiguration;
			buildSettings = {
				ALWAYS_EMBED_SWIFT_STANDARD_LIBRARIES = YES;
				CODE_SIGN_STYLE = Automatic;
				INFOPLIST_FILE = TipUITests/Info.plist;
				LD_RUNPATH_SEARCH_PATHS = (
					"$(inherited)",
					"@executable_path/Frameworks",
					"@loader_path/Frameworks",
				);
				PRODUCT_BUNDLE_IDENTIFIER = Prachal.TipUITests;
				PRODUCT_NAME = "$(TARGET_NAME)";
				SWIFT_VERSION = 5.0;
				TARGETED_DEVICE_FAMILY = "1,2";
				TEST_TARGET_NAME = Tip;
			};
			name = Debug;
		};
		9EB1E91124E517BC00B95E2A /* Release */ = {
			isa = XCBuildConfiguration;
			buildSettings = {
				ALWAYS_EMBED_SWIFT_STANDARD_LIBRARIES = YES;
				CODE_SIGN_STYLE = Automatic;
				INFOPLIST_FILE = TipUITests/Info.plist;
				LD_RUNPATH_SEARCH_PATHS = (
					"$(inherited)",
					"@executable_path/Frameworks",
					"@loader_path/Frameworks",
				);
				PRODUCT_BUNDLE_IDENTIFIER = Prachal.TipUITests;
				PRODUCT_NAME = "$(TARGET_NAME)";
				SWIFT_VERSION = 5.0;
				TARGETED_DEVICE_FAMILY = "1,2";
				TEST_TARGET_NAME = Tip;
			};
			name = Release;
		};
/* End XCBuildConfiguration section */

/* Begin XCConfigurationList section */
		9EB1E8DA24E517B600B95E2A /* Build configuration list for PBXProject "Tip" */ = {
			isa = XCConfigurationList;
			buildConfigurations = (
				9EB1E90724E517BC00B95E2A /* Debug */,
				9EB1E90824E517BC00B95E2A /* Release */,
			);
			defaultConfigurationIsVisible = 0;
			defaultConfigurationName = Release;
		};
		9EB1E90924E517BC00B95E2A /* Build configuration list for PBXNativeTarget "Tip" */ = {
			isa = XCConfigurationList;
			buildConfigurations = (
				9EB1E90A24E517BC00B95E2A /* Debug */,
				9EB1E90B24E517BC00B95E2A /* Release */,
			);
			defaultConfigurationIsVisible = 0;
			defaultConfigurationName = Release;
		};
		9EB1E90C24E517BC00B95E2A /* Build configuration list for PBXNativeTarget "TipTests" */ = {
			isa = XCConfigurationList;
			buildConfigurations = (
				9EB1E90D24E517BC00B95E2A /* Debug */,
				9EB1E90E24E517BC00B95E2A /* Release */,
			);
			defaultConfigurationIsVisible = 0;
			defaultConfigurationName = Release;
		};
		9EB1E90F24E517BC00B95E2A /* Build configuration list for PBXNativeTarget "TipUITests" */ = {
			isa = XCConfigurationList;
			buildConfigurations = (
				9EB1E91024E517BC00B95E2A /* Debug */,
				9EB1E91124E517BC00B95E2A /* Release */,
			);
			defaultConfigurationIsVisible = 0;
			defaultConfigurationName = Release;
		};
/* End XCConfigurationList section */
	};
	rootObject = 9EB1E8D724E517B600B95E2A /* Project object */;
}
